// !$*UTF8*$!
{
	archiveVersion = 1;
	classes = {
	};
	objectVersion = 50;
	objects = {

/* Begin PBXBuildFile section */
		97437F4B262B33330039DA6F /* resultViewController.swift in Sources */ = {isa = PBXBuildFile; fileRef = 97437F4A262B33330039DA6F /* resultViewController.swift */; };
		9766B707262AA58D00E00A20 /* AppDelegate.swift in Sources */ = {isa = PBXBuildFile; fileRef = 9766B706262AA58D00E00A20 /* AppDelegate.swift */; };
		9766B709262AA58D00E00A20 /* SceneDelegate.swift in Sources */ = {isa = PBXBuildFile; fileRef = 9766B708262AA58D00E00A20 /* SceneDelegate.swift */; };
		9766B70B262AA58D00E00A20 /* ViewController.swift in Sources */ = {isa = PBXBuildFile; fileRef = 9766B70A262AA58D00E00A20 /* ViewController.swift */; };
		9766B70E262AA58D00E00A20 /* Main.storyboard in Resources */ = {isa = PBXBuildFile; fileRef = 9766B70C262AA58D00E00A20 /* Main.storyboard */; };
		9766B713262AA5A000E00A20 /* LaunchScreen.storyboard in Resources */ = {isa = PBXBuildFile; fileRef = 9766B711262AA5A000E00A20 /* LaunchScreen.storyboard */; };
		9766B71C262AA62100E00A20 /* QNA.swift in Sources */ = {isa = PBXBuildFile; fileRef = 9766B71B262AA62100E00A20 /* QNA.swift */; };
		9766B747262B20BB00E00A20 /* mainViewController.swift in Sources */ = {isa = PBXBuildFile; fileRef = 9766B746262B20BB00E00A20 /* mainViewController.swift */; };
		9766B74E262B224200E00A20 /* Assets.xcassets in Resources */ = {isa = PBXBuildFile; fileRef = 9766B74D262B224200E00A20 /* Assets.xcassets */; };
/* End PBXBuildFile section */

/* Begin PBXFileReference section */
		97437F4A262B33330039DA6F /* resultViewController.swift */ = {isa = PBXFileReference; lastKnownFileType = sourcecode.swift; path = resultViewController.swift; sourceTree = "<group>"; };
		9766B703262AA58D00E00A20 /* BarthelIndex.app */ = {isa = PBXFileReference; explicitFileType = wrapper.application; includeInIndex = 0; path = BarthelIndex.app; sourceTree = BUILT_PRODUCTS_DIR; };
		9766B706262AA58D00E00A20 /* AppDelegate.swift */ = {isa = PBXFileReference; lastKnownFileType = sourcecode.swift; path = AppDelegate.swift; sourceTree = "<group>"; };
		9766B708262AA58D00E00A20 /* SceneDelegate.swift */ = {isa = PBXFileReference; lastKnownFileType = sourcecode.swift; path = SceneDelegate.swift; sourceTree = "<group>"; };
		9766B70A262AA58D00E00A20 /* ViewController.swift */ = {isa = PBXFileReference; lastKnownFileType = sourcecode.swift; path = ViewController.swift; sourceTree = "<group>"; };
		9766B70D262AA58D00E00A20 /* Base */ = {isa = PBXFileReference; lastKnownFileType = file.storyboard; name = Base; path = Base.lproj/Main.storyboard; sourceTree = "<group>"; };
		9766B712262AA5A000E00A20 /* Base */ = {isa = PBXFileReference; lastKnownFileType = file.storyboard; name = Base; path = Base.lproj/LaunchScreen.storyboard; sourceTree = "<group>"; };
		9766B714262AA5A000E00A20 /* Info.plist */ = {isa = PBXFileReference; lastKnownFileType = text.plist.xml; path = Info.plist; sourceTree = "<group>"; };
		9766B71B262AA62100E00A20 /* QNA.swift */ = {isa = PBXFileReference; lastKnownFileType = sourcecode.swift; path = QNA.swift; sourceTree = "<group>"; };
		9766B746262B20BB00E00A20 /* mainViewController.swift */ = {isa = PBXFileReference; lastKnownFileType = sourcecode.swift; path = mainViewController.swift; sourceTree = "<group>"; };
		9766B74D262B224200E00A20 /* Assets.xcassets */ = {isa = PBXFileReference; lastKnownFileType = folder.assetcatalog; path = Assets.xcassets; sourceTree = "<group>"; };
/* End PBXFileReference section */

/* Begin PBXFrameworksBuildPhase section */
		9766B700262AA58D00E00A20 /* Frameworks */ = {
			isa = PBXFrameworksBuildPhase;
			buildActionMask = 2147483647;
			files = (
			);
			runOnlyForDeploymentPostprocessing = 0;
		};
/* End PBXFrameworksBuildPhase section */

/* Begin PBXGroup section */
		9766B6FA262AA58D00E00A20 = {
			isa = PBXGroup;
			children = (
				9766B705262AA58D00E00A20 /* BarthelIndex */,
				9766B704262AA58D00E00A20 /* Products */,
			);
			sourceTree = "<group>";
		};
		9766B704262AA58D00E00A20 /* Products */ = {
			isa = PBXGroup;
			children = (
				9766B703262AA58D00E00A20 /* BarthelIndex.app */,
			);
			name = Products;
			sourceTree = "<group>";
		};
		9766B705262AA58D00E00A20 /* BarthelIndex */ = {
			isa = PBXGroup;
			children = (
				9766B706262AA58D00E00A20 /* AppDelegate.swift */,
				9766B708262AA58D00E00A20 /* SceneDelegate.swift */,
				9766B70A262AA58D00E00A20 /* ViewController.swift */,
				9766B70C262AA58D00E00A20 /* Main.storyboard */,
				97437F4A262B33330039DA6F /* resultViewController.swift */,
				9766B74D262B224200E00A20 /* Assets.xcassets */,
				9766B746262B20BB00E00A20 /* mainViewController.swift */,
				9766B71B262AA62100E00A20 /* QNA.swift */,
				9766B711262AA5A000E00A20 /* LaunchScreen.storyboard */,
				9766B714262AA5A000E00A20 /* Info.plist */,
			);
			path = BarthelIndex;
			sourceTree = "<group>";
		};
/* End PBXGroup section */

/* Begin PBXNativeTarget section */
		9766B702262AA58D00E00A20 /* BarthelIndex */ = {
			isa = PBXNativeTarget;
			buildConfigurationList = 9766B717262AA5A000E00A20 /* Build configuration list for PBXNativeTarget "BarthelIndex" */;
			buildPhases = (
				9766B6FF262AA58D00E00A20 /* Sources */,
				9766B700262AA58D00E00A20 /* Frameworks */,
				9766B701262AA58D00E00A20 /* Resources */,
			);
			buildRules = (
			);
			dependencies = (
			);
			name = BarthelIndex;
			productName = BarthelIndex;
			productReference = 9766B703262AA58D00E00A20 /* BarthelIndex.app */;
			productType = "com.apple.product-type.application";
		};
/* End PBXNativeTarget section */

/* Begin PBXProject section */
		9766B6FB262AA58D00E00A20 /* Project object */ = {
			isa = PBXProject;
			attributes = {
				LastSwiftUpdateCheck = 1240;
				LastUpgradeCheck = 1240;
				TargetAttributes = {
					9766B702262AA58D00E00A20 = {
						CreatedOnToolsVersion = 12.4;
					};
				};
			};
			buildConfigurationList = 9766B6FE262AA58D00E00A20 /* Build configuration list for PBXProject "BarthelIndex" */;
			compatibilityVersion = "Xcode 9.3";
			developmentRegion = en;
			hasScannedForEncodings = 0;
			knownRegions = (
				en,
				Base,
			);
			mainGroup = 9766B6FA262AA58D00E00A20;
			productRefGroup = 9766B704262AA58D00E00A20 /* Products */;
			projectDirPath = "";
			projectRoot = "";
			targets = (
				9766B702262AA58D00E00A20 /* BarthelIndex */,
			);
		};
/* End PBXProject section */

/* Begin PBXResourcesBuildPhase section */
		9766B701262AA58D00E00A20 /* Resources */ = {
			isa = PBXResourcesBuildPhase;
			buildActionMask = 2147483647;
			files = (
				9766B713262AA5A000E00A20 /* LaunchScreen.storyboard in Resources */,
				9766B74E262B224200E00A20 /* Assets.xcassets in Resources */,
				9766B70E262AA58D00E00A20 /* Main.storyboard in Resources */,
			);
			runOnlyForDeploymentPostprocessing = 0;
		};
/* End PBXResourcesBuildPhase section */

/* Begin PBXSourcesBuildPhase section */
		9766B6FF262AA58D00E00A20 /* Sources */ = {
			isa = PBXSourcesBuildPhase;
			buildActionMask = 2147483647;
			files = (
				9766B71C262AA62100E00A20 /* QNA.swift in Sources */,
				9766B70B262AA58D00E00A20 /* ViewController.swift in Sources */,
				9766B747262B20BB00E00A20 /* mainViewController.swift in Sources */,
				97437F4B262B33330039DA6F /* resultViewController.swift in Sources */,
				9766B707262AA58D00E00A20 /* AppDelegate.swift in Sources */,
				9766B709262AA58D00E00A20 /* SceneDelegate.swift in Sources */,
			);
			runOnlyForDeploymentPostprocessing = 0;
		};
/* End PBXSourcesBuildPhase section */

/* Begin PBXVariantGroup section */
		9766B70C262AA58D00E00A20 /* Main.storyboard */ = {
			isa = PBXVariantGroup;
			children = (
				9766B70D262AA58D00E00A20 /* Base */,
			);
			name = Main.storyboard;
			sourceTree = "<group>";
		};
		9766B711262AA5A000E00A20 /* LaunchScreen.storyboard */ = {
			isa = PBXVariantGroup;
			children = (
				9766B712262AA5A000E00A20 /* Base */,
			);
			name = LaunchScreen.storyboard;
			sourceTree = "<group>";
		};
/* End PBXVariantGroup section */

/* Begin XCBuildConfiguration section */
		9766B715262AA5A000E00A20 /* Debug */ = {
			isa = XCBuildConfiguration;
			buildSettings = {
				ALWAYS_SEARCH_USER_PATHS = NO;
				CLANG_ANALYZER_NONNULL = YES;
				CLANG_ANALYZER_NUMBER_OBJECT_CONVERSION = YES_AGGRESSIVE;
				CLANG_CXX_LANGUAGE_STANDARD = "gnu++14";
				CLANG_CXX_LIBRARY = "libc++";
				CLANG_ENABLE_MODULES = YES;
				CLANG_ENABLE_OBJC_ARC = YES;
				CLANG_ENABLE_OBJC_WEAK = YES;
				CLANG_WARN_BLOCK_CAPTURE_AUTORELEASING = YES;
				CLANG_WARN_BOOL_CONVERSION = YES;
				CLANG_WARN_COMMA = YES;
				CLANG_WARN_CONSTANT_CONVERSION = YES;
				CLANG_WARN_DEPRECATED_OBJC_IMPLEMENTATIONS = YES;
				CLANG_WARN_DIRECT_OBJC_ISA_USAGE = YES_ERROR;
				CLANG_WARN_DOCUMENTATION_COMMENTS = YES;
				CLANG_WARN_EMPTY_BODY = YES;
				CLANG_WARN_ENUM_CONVERSION = YES;
				CLANG_WARN_INFINITE_RECURSION = YES;
				CLANG_WARN_INT_CONVERSION = YES;
				CLANG_WARN_NON_LITERAL_NULL_CONVERSION = YES;
				CLANG_WARN_OBJC_IMPLICIT_RETAIN_SELF = YES;
				CLANG_WARN_OBJC_LITERAL_CONVERSION = YES;
				CLANG_WARN_OBJC_ROOT_CLASS = YES_ERROR;
				CLANG_WARN_QUOTED_INCLUDE_IN_FRAMEWORK_HEADER = YES;
				CLANG_WARN_RANGE_LOOP_ANALYSIS = YES;
				CLANG_WARN_STRICT_PROTOTYPES = YES;
				CLANG_WARN_SUSPICIOUS_MOVE = YES;
				CLANG_WARN_UNGUARDED_AVAILABILITY = YES_AGGRESSIVE;
				CLANG_WARN_UNREACHABLE_CODE = YES;
				CLANG_WARN__DUPLICATE_METHOD_MATCH = YES;
				COPY_PHASE_STRIP = NO;
				DEBUG_INFORMATION_FORMAT = dwarf;
				ENABLE_STRICT_OBJC_MSGSEND = YES;
				ENABLE_TESTABILITY = YES;
				GCC_C_LANGUAGE_STANDARD = gnu11;
				GCC_DYNAMIC_NO_PIC = NO;
				GCC_NO_COMMON_BLOCKS = YES;
				GCC_OPTIMIZATION_LEVEL = 0;
				GCC_PREPROCESSOR_DEFINITIONS = (
					"DEBUG=1",
					"$(inherited)",
				);
				GCC_WARN_64_TO_32_BIT_CONVERSION = YES;
				GCC_WARN_ABOUT_RETURN_TYPE = YES_ERROR;
				GCC_WARN_UNDECLARED_SELECTOR = YES;
				GCC_WARN_UNINITIALIZED_AUTOS = YES_AGGRESSIVE;
				GCC_WARN_UNUSED_FUNCTION = YES;
				GCC_WARN_UNUSED_VARIABLE = YES;
				IPHONEOS_DEPLOYMENT_TARGET = 14.4;
				MTL_ENABLE_DEBUG_INFO = INCLUDE_SOURCE;
				MTL_FAST_MATH = YES;
				ONLY_ACTIVE_ARCH = YES;
				SDKROOT = iphoneos;
				SWIFT_ACTIVE_COMPILATION_CONDITIONS = DEBUG;
				SWIFT_OPTIMIZATION_LEVEL = "-Onone";
			};
			name = Debug;
		};
		9766B716262AA5A000E00A20 /* Release */ = {
			isa = XCBuildConfiguration;
			buildSettings = {
				ALWAYS_SEARCH_USER_PATHS = NO;
				CLANG_ANALYZER_NONNULL = YES;
				CLANG_ANALYZER_NUMBER_OBJECT_CONVERSION = YES_AGGRESSIVE;
				CLANG_CXX_LANGUAGE_STANDARD = "gnu++14";
				CLANG_CXX_LIBRARY = "libc++";
				CLANG_ENABLE_MODULES = YES;
				CLANG_ENABLE_OBJC_ARC = YES;
				CLANG_ENABLE_OBJC_WEAK = YES;
				CLANG_WARN_BLOCK_CAPTURE_AUTORELEASING = YES;
				CLANG_WARN_BOOL_CONVERSION = YES;
				CLANG_WARN_COMMA = YES;
				CLANG_WARN_CONSTANT_CONVERSION = YES;
				CLANG_WARN_DEPRECATED_OBJC_IMPLEMENTATIONS = YES;
				CLANG_WARN_DIRECT_OBJC_ISA_USAGE = YES_ERROR;
				CLANG_WARN_DOCUMENTATION_COMMENTS = YES;
				CLANG_WARN_EMPTY_BODY = YES;
				CLANG_WARN_ENUM_CONVERSION = YES;
				CLANG_WARN_INFINITE_RECURSION = YES;
				CLANG_WARN_INT_CONVERSION = YES;
				CLANG_WARN_NON_LITERAL_NULL_CONVERSION = YES;
				CLANG_WARN_OBJC_IMPLICIT_RETAIN_SELF = YES;
				CLANG_WARN_OBJC_LITERAL_CONVERSION = YES;
				CLANG_WARN_OBJC_ROOT_CLASS = YES_ERROR;
				CLANG_WARN_QUOTED_INCLUDE_IN_FRAMEWORK_HEADER = YES;
				CLANG_WARN_RANGE_LOOP_ANALYSIS = YES;
				CLANG_WARN_STRICT_PROTOTYPES = YES;
				CLANG_WARN_SUSPICIOUS_MOVE = YES;
				CLANG_WARN_UNGUARDED_AVAILABILITY = YES_AGGRESSIVE;
				CLANG_WARN_UNREACHABLE_CODE = YES;
				CLANG_WARN__DUPLICATE_METHOD_MATCH = YES;
				COPY_PHASE_STRIP = NO;
				DEBUG_INFORMATION_FORMAT = "dwarf-with-dsym";
				ENABLE_NS_ASSERTIONS = NO;
				ENABLE_STRICT_OBJC_MSGSEND = YES;
				GCC_C_LANGUAGE_STANDARD = gnu11;
				GCC_NO_COMMON_BLOCKS = YES;
				GCC_WARN_64_TO_32_BIT_CONVERSION = YES;
				GCC_WARN_ABOUT_RETURN_TYPE = YES_ERROR;
				GCC_WARN_UNDECLARED_SELECTOR = YES;
				GCC_WARN_UNINITIALIZED_AUTOS = YES_AGGRESSIVE;
				GCC_WARN_UNUSED_FUNCTION = YES;
				GCC_WARN_UNUSED_VARIABLE = YES;
				IPHONEOS_DEPLOYMENT_TARGET = 14.4;
				MTL_ENABLE_DEBUG_INFO = NO;
				MTL_FAST_MATH = YES;
				SDKROOT = iphoneos;
				SWIFT_COMPILATION_MODE = wholemodule;
				SWIFT_OPTIMIZATION_LEVEL = "-O";
				VALIDATE_PRODUCT = YES;
			};
			name = Release;
		};
		9766B718262AA5A000E00A20 /* Debug */ = {
			isa = XCBuildConfiguration;
			buildSettings = {
				ASSETCATALOG_COMPILER_APPICON_NAME = AppIcon;
				ASSETCATALOG_COMPILER_GLOBAL_ACCENT_COLOR_NAME = AccentColor;
				CODE_SIGN_STYLE = Automatic;
				DEVELOPMENT_TEAM = Y4V72DVS6K;
				INFOPLIST_FILE = BarthelIndex/Info.plist;
				LD_RUNPATH_SEARCH_PATHS = (
					"$(inherited)",
					"@executable_path/Frameworks",
				);
				PRODUCT_BUNDLE_IDENTIFIER = com.JeanYou.BarthelIndex;
				PRODUCT_NAME = "$(TARGET_NAME)";
				SWIFT_VERSION = 5.0;
				TARGETED_DEVICE_FAMILY = "1,2";
			};
			name = Debug;
		};
		9766B719262AA5A000E00A20 /* Release */ = {
			isa = XCBuildConfiguration;
			buildSettings = {
				ASSETCATALOG_COMPILER_APPICON_NAME = AppIcon;
				ASSETCATALOG_COMPILER_GLOBAL_ACCENT_COLOR_NAME = AccentColor;
				CODE_SIGN_STYLE = Automatic;
				DEVELOPMENT_TEAM = Y4V72DVS6K;
				INFOPLIST_FILE = BarthelIndex/Info.plist;
				LD_RUNPATH_SEARCH_PATHS = (
					"$(inherited)",
					"@executable_path/Frameworks",
				);
				PRODUCT_BUNDLE_IDENTIFIER = com.JeanYou.BarthelIndex;
				PRODUCT_NAME = "$(TARGET_NAME)";
				SWIFT_VERSION = 5.0;
				TARGETED_DEVICE_FAMILY = "1,2";
			};
			name = Release;
		};
/* End XCBuildConfiguration section */

/* Begin XCConfigurationList section */
		9766B6FE262AA58D00E00A20 /* Build configuration list for PBXProject "BarthelIndex" */ = {
			isa = XCConfigurationList;
			buildConfigurations = (
				9766B715262AA5A000E00A20 /* Debug */,
				9766B716262AA5A000E00A20 /* Release */,
			);
			defaultConfigurationIsVisible = 0;
			defaultConfigurationName = Release;
		};
		9766B717262AA5A000E00A20 /* Build configuration list for PBXNativeTarget "BarthelIndex" */ = {
			isa = XCConfigurationList;
			buildConfigurations = (
				9766B718262AA5A000E00A20 /* Debug */,
				9766B719262AA5A000E00A20 /* Release */,
			);
			defaultConfigurationIsVisible = 0;
			defaultConfigurationName = Release;
		};
/* End XCConfigurationList section */
	};
	rootObject = 9766B6FB262AA58D00E00A20 /* Project object */;
}
